
Microsoft Visual Studio Solution File, Format Version 12.00
# Visual Studio 14
VisualStudioVersion = 14.0.25420.1
MinimumVisualStudioVersion = 10.0.40219.1
Project("{FAE04EC0-301F-11D3-BF4B-00C04F79EFBC}") = "Logshark.CLI", "Logshark.CLI\Logshark.CLI.csproj", "{523332E9-88D7-4F67-8162-BE69F30055F6}"
	ProjectSection(ProjectDependencies) = postProject
		{D307BC0B-CF74-4CB3-AD7D-A1C9EF6F60EA} = {D307BC0B-CF74-4CB3-AD7D-A1C9EF6F60EA}
		{51DE3E1E-0708-4DC1-963B-D734D705F296} = {51DE3E1E-0708-4DC1-963B-D734D705F296}
		{771E9320-BC90-4396-AAC3-6ED8EEFC6AE2} = {771E9320-BC90-4396-AAC3-6ED8EEFC6AE2}
		{C5127A26-C2B3-485C-BDD3-D8417D63165E} = {C5127A26-C2B3-485C-BDD3-D8417D63165E}
		{3B78A34D-E145-419C-A7F4-9E7B03F1D80F} = {3B78A34D-E145-419C-A7F4-9E7B03F1D80F}
		{F533384E-2613-4C13-8D33-FA9B652668A1} = {F533384E-2613-4C13-8D33-FA9B652668A1}
		{4BC56D57-37A6-46E1-94C2-89D041860A7B} = {4BC56D57-37A6-46E1-94C2-89D041860A7B}
		{5F52D264-A5AD-4003-B2F4-B888BD113844} = {5F52D264-A5AD-4003-B2F4-B888BD113844}
		{5CE5F893-3BF2-469E-8658-4BA329746D60} = {5CE5F893-3BF2-469E-8658-4BA329746D60}
		{2182D598-25C4-4C3A-9CC8-870F53982EE4} = {2182D598-25C4-4C3A-9CC8-870F53982EE4}
		{DDC3D69A-22DE-47C6-B4C7-E6DAF44E434A} = {DDC3D69A-22DE-47C6-B4C7-E6DAF44E434A}
		{98DF83B0-A950-45A4-B201-C5AFFD22E7F5} = {98DF83B0-A950-45A4-B201-C5AFFD22E7F5}
		{7D07CDC1-54F0-4BF2-9D10-78CD0103A2AB} = {7D07CDC1-54F0-4BF2-9D10-78CD0103A2AB}
		{8A8C0BCD-CD48-4546-9A04-3B6989A07EE8} = {8A8C0BCD-CD48-4546-9A04-3B6989A07EE8}
		{785B1AFB-57A4-4EAC-8EA9-7C0CDE4395F8} = {785B1AFB-57A4-4EAC-8EA9-7C0CDE4395F8}
	EndProjectSection
EndProject
Project("{FAE04EC0-301F-11D3-BF4B-00C04F79EFBC}") = "LogParsers", "LogParsers\LogParsers.csproj", "{34590396-6F72-4629-A449-351C7DAD2B75}"
EndProject
Project("{FAE04EC0-301F-11D3-BF4B-00C04F79EFBC}") = "Logshark.ConfigSectionGenerator", "Logshark.ConfigSectionGenerator\Logshark.ConfigSectionGenerator.csproj", "{58A100CE-CC7E-43BF-A054-D28648F092AC}"
EndProject
Project("{FAE04EC0-301F-11D3-BF4B-00C04F79EFBC}") = "Logshark", "Logshark\Logshark.csproj", "{5CE5F893-3BF2-469E-8658-4BA329746D60}"
	ProjectSection(ProjectDependencies) = postProject
		{34590396-6F72-4629-A449-351C7DAD2B75} = {34590396-6F72-4629-A449-351C7DAD2B75}
		{0AEFC6D8-33B4-444B-BD5F-66028B62AF73} = {0AEFC6D8-33B4-444B-BD5F-66028B62AF73}
	EndProjectSection
EndProject
Project("{FAE04EC0-301F-11D3-BF4B-00C04F79EFBC}") = "Tableau.RestApi", "Tableau.RestApi\Tableau.RestApi.csproj", "{0AEFC6D8-33B4-444B-BD5F-66028B62AF73}"
EndProject
Project("{2150E333-8FDC-42A3-9474-1A3956D46DE8}") = "Plugins", "Plugins", "{C3D15D38-FD6D-426F-8B06-6F62FDFAC956}"
EndProject
Project("{2150E333-8FDC-42A3-9474-1A3956D46DE8}") = "Documentation", "Documentation", "{95BDB70A-93DB-41B8-A8B5-2D6EE3A124BC}"
	ProjectSection(SolutionItems) = preProject
		README.md = README.md
	EndProjectSection
EndProject
Project("{2150E333-8FDC-42A3-9474-1A3956D46DE8}") = "Test Settings", "Test Settings", "{FDC35336-FD5B-4751-9855-844B6C875277}"
	ProjectSection(SolutionItems) = preProject
		Test.runsettings = Test.runsettings
	EndProjectSection
EndProject
Project("{FAE04EC0-301F-11D3-BF4B-00C04F79EFBC}") = "Logshark.PluginLib", "Logshark.PluginLib\Logshark.PluginLib.csproj", "{C80ED597-1C60-465B-A18D-B249B7C2849F}"
EndProject
Project("{930C7802-8A8C-48F9-8165-68863BCCD9DD}") = "Logshark.CLI.Installer", "Logshark.CLI.Installer\Logshark.CLI.Installer.wixproj", "{E16C3065-10B8-4B7A-9863-91B9BD42DA09}"
	ProjectSection(ProjectDependencies) = postProject
		{D307BC0B-CF74-4CB3-AD7D-A1C9EF6F60EA} = {D307BC0B-CF74-4CB3-AD7D-A1C9EF6F60EA}
		{51DE3E1E-0708-4DC1-963B-D734D705F296} = {51DE3E1E-0708-4DC1-963B-D734D705F296}
		{771E9320-BC90-4396-AAC3-6ED8EEFC6AE2} = {771E9320-BC90-4396-AAC3-6ED8EEFC6AE2}
		{C5127A26-C2B3-485C-BDD3-D8417D63165E} = {C5127A26-C2B3-485C-BDD3-D8417D63165E}
		{3B78A34D-E145-419C-A7F4-9E7B03F1D80F} = {3B78A34D-E145-419C-A7F4-9E7B03F1D80F}
		{F533384E-2613-4C13-8D33-FA9B652668A1} = {F533384E-2613-4C13-8D33-FA9B652668A1}
		{4BC56D57-37A6-46E1-94C2-89D041860A7B} = {4BC56D57-37A6-46E1-94C2-89D041860A7B}
		{5F52D264-A5AD-4003-B2F4-B888BD113844} = {5F52D264-A5AD-4003-B2F4-B888BD113844}
		{2182D598-25C4-4C3A-9CC8-870F53982EE4} = {2182D598-25C4-4C3A-9CC8-870F53982EE4}
		{DDC3D69A-22DE-47C6-B4C7-E6DAF44E434A} = {DDC3D69A-22DE-47C6-B4C7-E6DAF44E434A}
		{98DF83B0-A950-45A4-B201-C5AFFD22E7F5} = {98DF83B0-A950-45A4-B201-C5AFFD22E7F5}
		{7D07CDC1-54F0-4BF2-9D10-78CD0103A2AB} = {7D07CDC1-54F0-4BF2-9D10-78CD0103A2AB}
		{8A8C0BCD-CD48-4546-9A04-3B6989A07EE8} = {8A8C0BCD-CD48-4546-9A04-3B6989A07EE8}
		{785B1AFB-57A4-4EAC-8EA9-7C0CDE4395F8} = {785B1AFB-57A4-4EAC-8EA9-7C0CDE4395F8}
	EndProjectSection
EndProject
Project("{930C7802-8A8C-48F9-8165-68863BCCD9DD}") = "Logshark.CLI.Installer.Bundle", "Logshark.CLI.Installer.Bundle\Logshark.CLI.Installer.Bundle.wixproj", "{BD38B9E4-960B-40F7-8CCC-8840DB1A6BA8}"
	ProjectSection(ProjectDependencies) = postProject
		{E16C3065-10B8-4B7A-9863-91B9BD42DA09} = {E16C3065-10B8-4B7A-9863-91B9BD42DA09}
	EndProjectSection
EndProject
Project("{2150E333-8FDC-42A3-9474-1A3956D46DE8}") = "Nuget", "Nuget", "{CD873F7A-E414-42FE-8581-1DE96E725284}"
	ProjectSection(SolutionItems) = preProject
		Nuget\Logshark.Core.nuspec = Nuget\Logshark.Core.nuspec
		Nuget\Logshark.LogParsers.nuspec = Nuget\Logshark.LogParsers.nuspec
		Nuget\Logshark.MongoBinaries.nuspec = Nuget\Logshark.MongoBinaries.nuspec
		Nuget\Logshark.Plugins.nuspec = Nuget\Logshark.Plugins.nuspec
		Nuget\Tableau.RestApi.nuspec = Nuget\Tableau.RestApi.nuspec
	EndProjectSection
EndProject
Project("{FAE04EC0-301F-11D3-BF4B-00C04F79EFBC}") = "Netstat", "Plugins\Netstat\Netstat.csproj", "{C5127A26-C2B3-485C-BDD3-D8417D63165E}"
EndProject
Project("{FAE04EC0-301F-11D3-BF4B-00C04F79EFBC}") = "ResourceManager", "Plugins\ResourceManager\ResourceManager.csproj", "{F533384E-2613-4C13-8D33-FA9B652668A1}"
EndProject
Project("{FAE04EC0-301F-11D3-BF4B-00C04F79EFBC}") = "Vizportal", "Plugins\Vizportal\Vizportal.csproj", "{98DF83B0-A950-45A4-B201-C5AFFD22E7F5}"
EndProject
Project("{FAE04EC0-301F-11D3-BF4B-00C04F79EFBC}") = "Apache", "Plugins\Apache\Apache.csproj", "{785B1AFB-57A4-4EAC-8EA9-7C0CDE4395F8}"
EndProject
Project("{FAE04EC0-301F-11D3-BF4B-00C04F79EFBC}") = "Backgrounder", "Plugins\Backgrounder\Backgrounder.csproj", "{DDC3D69A-22DE-47C6-B4C7-E6DAF44E434A}"
EndProject
Project("{FAE04EC0-301F-11D3-BF4B-00C04F79EFBC}") = "ClusterController", "Plugins\ClusterController\ClusterController.csproj", "{3B78A34D-E145-419C-A7F4-9E7B03F1D80F}"
EndProject
Project("{FAE04EC0-301F-11D3-BF4B-00C04F79EFBC}") = "Config", "Plugins\Config\Config.csproj", "{4BC56D57-37A6-46E1-94C2-89D041860A7B}"
EndProject
Project("{FAE04EC0-301F-11D3-BF4B-00C04F79EFBC}") = "DataEngine", "Plugins\DataEngine\DataEngine.csproj", "{2182D598-25C4-4C3A-9CC8-870F53982EE4}"
EndProject
Project("{FAE04EC0-301F-11D3-BF4B-00C04F79EFBC}") = "Filestore", "Plugins\Filestore\Filestore.csproj", "{D307BC0B-CF74-4CB3-AD7D-A1C9EF6F60EA}"
EndProject
Project("{FAE04EC0-301F-11D3-BF4B-00C04F79EFBC}") = "Postgres", "Plugins\Postgres\Postgres.csproj", "{771E9320-BC90-4396-AAC3-6ED8EEFC6AE2}"
EndProject
Project("{FAE04EC0-301F-11D3-BF4B-00C04F79EFBC}") = "SearchServer", "Plugins\SearchServer\SearchServer.csproj", "{7D07CDC1-54F0-4BF2-9D10-78CD0103A2AB}"
EndProject
Project("{FAE04EC0-301F-11D3-BF4B-00C04F79EFBC}") = "Tabadmin", "Plugins\Tabadmin\Tabadmin.csproj", "{51DE3E1E-0708-4DC1-963B-D734D705F296}"
EndProject
Project("{FAE04EC0-301F-11D3-BF4B-00C04F79EFBC}") = "Vizql", "Plugins\Vizql\Vizql.csproj", "{8A8C0BCD-CD48-4546-9A04-3B6989A07EE8}"
EndProject
Project("{FAE04EC0-301F-11D3-BF4B-00C04F79EFBC}") = "CustomWorkbooks", "Plugins\CustomWorkbooks\CustomWorkbooks.csproj", "{5F52D264-A5AD-4003-B2F4-B888BD113844}"
EndProject
Global
	GlobalSection(SolutionConfigurationPlatforms) = preSolution
		Debug|x64 = Debug|x64
		Installer|x64 = Installer|x64
		Release|x64 = Release|x64
		Description = Tableau log processing engine
	EndGlobalSection
	GlobalSection(ProjectConfigurationPlatforms) = postSolution
		{523332E9-88D7-4F67-8162-BE69F30055F6}.Debug|x64.ActiveCfg = Debug|x64
		{523332E9-88D7-4F67-8162-BE69F30055F6}.Debug|x64.Build.0 = Debug|x64
		{523332E9-88D7-4F67-8162-BE69F30055F6}.Installer|x64.ActiveCfg = Installer|x64
		{523332E9-88D7-4F67-8162-BE69F30055F6}.Installer|x64.Build.0 = Installer|x64
		{523332E9-88D7-4F67-8162-BE69F30055F6}.Release|x64.ActiveCfg = Release|x64
		{523332E9-88D7-4F67-8162-BE69F30055F6}.Release|x64.Build.0 = Release|x64
		{34590396-6F72-4629-A449-351C7DAD2B75}.Debug|x64.ActiveCfg = Debug|x64
		{34590396-6F72-4629-A449-351C7DAD2B75}.Debug|x64.Build.0 = Debug|x64
		{34590396-6F72-4629-A449-351C7DAD2B75}.Installer|x64.ActiveCfg = Installer|x64
		{34590396-6F72-4629-A449-351C7DAD2B75}.Installer|x64.Build.0 = Installer|x64
		{34590396-6F72-4629-A449-351C7DAD2B75}.Release|x64.ActiveCfg = Release|x64
		{34590396-6F72-4629-A449-351C7DAD2B75}.Release|x64.Build.0 = Release|x64
		{58A100CE-CC7E-43BF-A054-D28648F092AC}.Debug|x64.ActiveCfg = Debug|x64
		{58A100CE-CC7E-43BF-A054-D28648F092AC}.Installer|x64.ActiveCfg = Installer|x64
		{58A100CE-CC7E-43BF-A054-D28648F092AC}.Release|x64.ActiveCfg = Release|x64
		{5CE5F893-3BF2-469E-8658-4BA329746D60}.Debug|x64.ActiveCfg = Debug|x64
		{5CE5F893-3BF2-469E-8658-4BA329746D60}.Debug|x64.Build.0 = Debug|x64
		{5CE5F893-3BF2-469E-8658-4BA329746D60}.Installer|x64.ActiveCfg = Installer|x64
		{5CE5F893-3BF2-469E-8658-4BA329746D60}.Installer|x64.Build.0 = Installer|x64
		{5CE5F893-3BF2-469E-8658-4BA329746D60}.Release|x64.ActiveCfg = Release|x64
		{5CE5F893-3BF2-469E-8658-4BA329746D60}.Release|x64.Build.0 = Release|x64
		{0AEFC6D8-33B4-444B-BD5F-66028B62AF73}.Debug|x64.ActiveCfg = Debug|x64
		{0AEFC6D8-33B4-444B-BD5F-66028B62AF73}.Debug|x64.Build.0 = Debug|x64
		{0AEFC6D8-33B4-444B-BD5F-66028B62AF73}.Installer|x64.ActiveCfg = Installer|x64
		{0AEFC6D8-33B4-444B-BD5F-66028B62AF73}.Installer|x64.Build.0 = Installer|x64
		{0AEFC6D8-33B4-444B-BD5F-66028B62AF73}.Release|x64.ActiveCfg = Release|x64
		{0AEFC6D8-33B4-444B-BD5F-66028B62AF73}.Release|x64.Build.0 = Release|x64
		{C80ED597-1C60-465B-A18D-B249B7C2849F}.Debug|x64.ActiveCfg = Debug|x64
		{C80ED597-1C60-465B-A18D-B249B7C2849F}.Debug|x64.Build.0 = Debug|x64
		{C80ED597-1C60-465B-A18D-B249B7C2849F}.Installer|x64.ActiveCfg = Installer|x64
		{C80ED597-1C60-465B-A18D-B249B7C2849F}.Installer|x64.Build.0 = Installer|x64
		{C80ED597-1C60-465B-A18D-B249B7C2849F}.Release|x64.ActiveCfg = Release|x64
		{C80ED597-1C60-465B-A18D-B249B7C2849F}.Release|x64.Build.0 = Release|x64
		{E16C3065-10B8-4B7A-9863-91B9BD42DA09}.Debug|x64.ActiveCfg = Debug|x64
		{E16C3065-10B8-4B7A-9863-91B9BD42DA09}.Installer|x64.ActiveCfg = Installer|x64
		{E16C3065-10B8-4B7A-9863-91B9BD42DA09}.Installer|x64.Build.0 = Installer|x64
		{E16C3065-10B8-4B7A-9863-91B9BD42DA09}.Release|x64.ActiveCfg = Release|x64
		{BD38B9E4-960B-40F7-8CCC-8840DB1A6BA8}.Debug|x64.ActiveCfg = Debug|x64
		{BD38B9E4-960B-40F7-8CCC-8840DB1A6BA8}.Installer|x64.ActiveCfg = Installer|x64
		{BD38B9E4-960B-40F7-8CCC-8840DB1A6BA8}.Installer|x64.Build.0 = Installer|x64
		{BD38B9E4-960B-40F7-8CCC-8840DB1A6BA8}.Release|x64.ActiveCfg = Release|x64
		{C5127A26-C2B3-485C-BDD3-D8417D63165E}.Debug|x64.ActiveCfg = Debug|x64
		{C5127A26-C2B3-485C-BDD3-D8417D63165E}.Debug|x64.Build.0 = Debug|x64
		{C5127A26-C2B3-485C-BDD3-D8417D63165E}.Installer|x64.ActiveCfg = Installer|x64
		{C5127A26-C2B3-485C-BDD3-D8417D63165E}.Installer|x64.Build.0 = Installer|x64
		{C5127A26-C2B3-485C-BDD3-D8417D63165E}.Release|x64.ActiveCfg = Release|x64
		{C5127A26-C2B3-485C-BDD3-D8417D63165E}.Release|x64.Build.0 = Release|x64
		{F533384E-2613-4C13-8D33-FA9B652668A1}.Debug|x64.ActiveCfg = Debug|x64
		{F533384E-2613-4C13-8D33-FA9B652668A1}.Debug|x64.Build.0 = Debug|x64
		{F533384E-2613-4C13-8D33-FA9B652668A1}.Installer|x64.ActiveCfg = Installer|x64
		{F533384E-2613-4C13-8D33-FA9B652668A1}.Installer|x64.Build.0 = Installer|x64
		{F533384E-2613-4C13-8D33-FA9B652668A1}.Release|x64.ActiveCfg = Release|x64
		{F533384E-2613-4C13-8D33-FA9B652668A1}.Release|x64.Build.0 = Release|x64
		{98DF83B0-A950-45A4-B201-C5AFFD22E7F5}.Debug|x64.ActiveCfg = Debug|x64
		{98DF83B0-A950-45A4-B201-C5AFFD22E7F5}.Debug|x64.Build.0 = Debug|x64
		{98DF83B0-A950-45A4-B201-C5AFFD22E7F5}.Installer|x64.ActiveCfg = Installer|x64
		{98DF83B0-A950-45A4-B201-C5AFFD22E7F5}.Release|x64.ActiveCfg = Release|x64
		{98DF83B0-A950-45A4-B201-C5AFFD22E7F5}.Release|x64.Build.0 = Release|x64
		{785B1AFB-57A4-4EAC-8EA9-7C0CDE4395F8}.Debug|x64.ActiveCfg = Debug|x64
		{785B1AFB-57A4-4EAC-8EA9-7C0CDE4395F8}.Debug|x64.Build.0 = Debug|x64
		{785B1AFB-57A4-4EAC-8EA9-7C0CDE4395F8}.Installer|x64.ActiveCfg = Installer|x64
		{785B1AFB-57A4-4EAC-8EA9-7C0CDE4395F8}.Installer|x64.Build.0 = Installer|x64
		{785B1AFB-57A4-4EAC-8EA9-7C0CDE4395F8}.Release|x64.ActiveCfg = Release|x64
		{785B1AFB-57A4-4EAC-8EA9-7C0CDE4395F8}.Release|x64.Build.0 = Release|x64
		{DDC3D69A-22DE-47C6-B4C7-E6DAF44E434A}.Debug|x64.ActiveCfg = Debug|x64
		{DDC3D69A-22DE-47C6-B4C7-E6DAF44E434A}.Debug|x64.Build.0 = Debug|x64
		{DDC3D69A-22DE-47C6-B4C7-E6DAF44E434A}.Installer|x64.ActiveCfg = Installer|x64
		{DDC3D69A-22DE-47C6-B4C7-E6DAF44E434A}.Installer|x64.Build.0 = Installer|x64
		{DDC3D69A-22DE-47C6-B4C7-E6DAF44E434A}.Release|x64.ActiveCfg = Release|x64
		{DDC3D69A-22DE-47C6-B4C7-E6DAF44E434A}.Release|x64.Build.0 = Release|x64
		{3B78A34D-E145-419C-A7F4-9E7B03F1D80F}.Debug|x64.ActiveCfg = Debug|x64
		{3B78A34D-E145-419C-A7F4-9E7B03F1D80F}.Debug|x64.Build.0 = Debug|x64
		{3B78A34D-E145-419C-A7F4-9E7B03F1D80F}.Installer|x64.ActiveCfg = Installer|x64
		{3B78A34D-E145-419C-A7F4-9E7B03F1D80F}.Installer|x64.Build.0 = Installer|x64
		{3B78A34D-E145-419C-A7F4-9E7B03F1D80F}.Release|x64.ActiveCfg = Release|x64
		{3B78A34D-E145-419C-A7F4-9E7B03F1D80F}.Release|x64.Build.0 = Release|x64
		{4BC56D57-37A6-46E1-94C2-89D041860A7B}.Debug|x64.ActiveCfg = Debug|x64
		{4BC56D57-37A6-46E1-94C2-89D041860A7B}.Debug|x64.Build.0 = Debug|x64
		{4BC56D57-37A6-46E1-94C2-89D041860A7B}.Installer|x64.ActiveCfg = Installer|x64
		{4BC56D57-37A6-46E1-94C2-89D041860A7B}.Installer|x64.Build.0 = Installer|x64
		{4BC56D57-37A6-46E1-94C2-89D041860A7B}.Release|x64.ActiveCfg = Release|x64
		{4BC56D57-37A6-46E1-94C2-89D041860A7B}.Release|x64.Build.0 = Release|x64
		{2182D598-25C4-4C3A-9CC8-870F53982EE4}.Debug|x64.ActiveCfg = Debug|x64
		{2182D598-25C4-4C3A-9CC8-870F53982EE4}.Debug|x64.Build.0 = Debug|x64
		{2182D598-25C4-4C3A-9CC8-870F53982EE4}.Installer|x64.ActiveCfg = Installer|x64
		{2182D598-25C4-4C3A-9CC8-870F53982EE4}.Release|x64.ActiveCfg = Release|x64
		{2182D598-25C4-4C3A-9CC8-870F53982EE4}.Release|x64.Build.0 = Release|x64
		{D307BC0B-CF74-4CB3-AD7D-A1C9EF6F60EA}.Debug|x64.ActiveCfg = Debug|x64
		{D307BC0B-CF74-4CB3-AD7D-A1C9EF6F60EA}.Debug|x64.Build.0 = Debug|x64
		{D307BC0B-CF74-4CB3-AD7D-A1C9EF6F60EA}.Installer|x64.ActiveCfg = Installer|x64
		{D307BC0B-CF74-4CB3-AD7D-A1C9EF6F60EA}.Release|x64.ActiveCfg = Release|x64
		{D307BC0B-CF74-4CB3-AD7D-A1C9EF6F60EA}.Release|x64.Build.0 = Release|x64
		{771E9320-BC90-4396-AAC3-6ED8EEFC6AE2}.Debug|x64.ActiveCfg = Debug|x64
		{771E9320-BC90-4396-AAC3-6ED8EEFC6AE2}.Debug|x64.Build.0 = Debug|x64
		{771E9320-BC90-4396-AAC3-6ED8EEFC6AE2}.Installer|x64.ActiveCfg = Installer|x64
		{771E9320-BC90-4396-AAC3-6ED8EEFC6AE2}.Release|x64.ActiveCfg = Release|x64
		{771E9320-BC90-4396-AAC3-6ED8EEFC6AE2}.Release|x64.Build.0 = Release|x64
		{7D07CDC1-54F0-4BF2-9D10-78CD0103A2AB}.Debug|x64.ActiveCfg = Debug|x64
		{7D07CDC1-54F0-4BF2-9D10-78CD0103A2AB}.Debug|x64.Build.0 = Debug|x64
		{7D07CDC1-54F0-4BF2-9D10-78CD0103A2AB}.Installer|x64.ActiveCfg = Installer|x64
		{7D07CDC1-54F0-4BF2-9D10-78CD0103A2AB}.Release|x64.ActiveCfg = Release|x64
		{7D07CDC1-54F0-4BF2-9D10-78CD0103A2AB}.Release|x64.Build.0 = Release|x64
		{51DE3E1E-0708-4DC1-963B-D734D705F296}.Debug|x64.ActiveCfg = Debug|x64
		{51DE3E1E-0708-4DC1-963B-D734D705F296}.Debug|x64.Build.0 = Debug|x64
		{51DE3E1E-0708-4DC1-963B-D734D705F296}.Installer|x64.ActiveCfg = Installer|x64
		{51DE3E1E-0708-4DC1-963B-D734D705F296}.Installer|x64.Build.0 = Installer|x64
		{51DE3E1E-0708-4DC1-963B-D734D705F296}.Release|x64.ActiveCfg = Release|x64
		{51DE3E1E-0708-4DC1-963B-D734D705F296}.Release|x64.Build.0 = Release|x64
		{8A8C0BCD-CD48-4546-9A04-3B6989A07EE8}.Debug|x64.ActiveCfg = Debug|x64
		{8A8C0BCD-CD48-4546-9A04-3B6989A07EE8}.Debug|x64.Build.0 = Debug|x64
		{8A8C0BCD-CD48-4546-9A04-3B6989A07EE8}.Installer|x64.ActiveCfg = Installer|x64
		{8A8C0BCD-CD48-4546-9A04-3B6989A07EE8}.Installer|x64.Build.0 = Installer|x64
		{8A8C0BCD-CD48-4546-9A04-3B6989A07EE8}.Release|x64.ActiveCfg = Release|x64
		{8A8C0BCD-CD48-4546-9A04-3B6989A07EE8}.Release|x64.Build.0 = Release|x64
		{5F52D264-A5AD-4003-B2F4-B888BD113844}.Debug|x64.ActiveCfg = Debug|x64
		{5F52D264-A5AD-4003-B2F4-B888BD113844}.Debug|x64.Build.0 = Debug|x64
		{5F52D264-A5AD-4003-B2F4-B888BD113844}.Installer|x64.ActiveCfg = Installer|x64
		{5F52D264-A5AD-4003-B2F4-B888BD113844}.Installer|x64.Build.0 = Installer|x64
		{5F52D264-A5AD-4003-B2F4-B888BD113844}.Release|x64.ActiveCfg = Release|x64
		{5F52D264-A5AD-4003-B2F4-B888BD113844}.Release|x64.Build.0 = Release|x64
	EndGlobalSection
	GlobalSection(SolutionProperties) = preSolution
		HideSolutionNode = FALSE
	EndGlobalSection
	GlobalSection(NestedProjects) = preSolution
		{C5127A26-C2B3-485C-BDD3-D8417D63165E} = {C3D15D38-FD6D-426F-8B06-6F62FDFAC956}
		{F533384E-2613-4C13-8D33-FA9B652668A1} = {C3D15D38-FD6D-426F-8B06-6F62FDFAC956}
		{98DF83B0-A950-45A4-B201-C5AFFD22E7F5} = {C3D15D38-FD6D-426F-8B06-6F62FDFAC956}
		{785B1AFB-57A4-4EAC-8EA9-7C0CDE4395F8} = {C3D15D38-FD6D-426F-8B06-6F62FDFAC956}
		{DDC3D69A-22DE-47C6-B4C7-E6DAF44E434A} = {C3D15D38-FD6D-426F-8B06-6F62FDFAC956}
		{3B78A34D-E145-419C-A7F4-9E7B03F1D80F} = {C3D15D38-FD6D-426F-8B06-6F62FDFAC956}
		{4BC56D57-37A6-46E1-94C2-89D041860A7B} = {C3D15D38-FD6D-426F-8B06-6F62FDFAC956}
		{2182D598-25C4-4C3A-9CC8-870F53982EE4} = {C3D15D38-FD6D-426F-8B06-6F62FDFAC956}
		{D307BC0B-CF74-4CB3-AD7D-A1C9EF6F60EA} = {C3D15D38-FD6D-426F-8B06-6F62FDFAC956}
		{771E9320-BC90-4396-AAC3-6ED8EEFC6AE2} = {C3D15D38-FD6D-426F-8B06-6F62FDFAC956}
		{7D07CDC1-54F0-4BF2-9D10-78CD0103A2AB} = {C3D15D38-FD6D-426F-8B06-6F62FDFAC956}
		{51DE3E1E-0708-4DC1-963B-D734D705F296} = {C3D15D38-FD6D-426F-8B06-6F62FDFAC956}
		{8A8C0BCD-CD48-4546-9A04-3B6989A07EE8} = {C3D15D38-FD6D-426F-8B06-6F62FDFAC956}
		{5F52D264-A5AD-4003-B2F4-B888BD113844} = {C3D15D38-FD6D-426F-8B06-6F62FDFAC956}
	EndGlobalSection
EndGlobal
