
Microsoft Visual Studio Solution File, Format Version 12.00
# Visual Studio 14
VisualStudioVersion = 14.0.25420.1
MinimumVisualStudioVersion = 10.0.40219.1
Project("{FAE04EC0-301F-11D3-BF4B-00C04F79EFBC}") = "Logshark.CLI", "Logshark.CLI\Logshark.CLI.csproj", "{523332E9-88D7-4F67-8162-BE69F30055F6}"
	ProjectSection(ProjectDependencies) = postProject
		{D307BC0B-CF74-4CB3-AD7D-A1C9EF6F60EA} = {D307BC0B-CF74-4CB3-AD7D-A1C9EF6F60EA}
		{51DE3E1E-0708-4DC1-963B-D734D705F296} = {51DE3E1E-0708-4DC1-963B-D734D705F296}
		{771E9320-BC90-4396-AAC3-6ED8EEFC6AE2} = {771E9320-BC90-4396-AAC3-6ED8EEFC6AE2}
		{C5127A26-C2B3-485C-BDD3-D8417D63165E} = {C5127A26-C2B3-485C-BDD3-D8417D63165E}
		{18768748-7F26-4BFC-8DD3-9ACCE192FF2A} = {18768748-7F26-4BFC-8DD3-9ACCE192FF2A}
		{3B78A34D-E145-419C-A7F4-9E7B03F1D80F} = {3B78A34D-E145-419C-A7F4-9E7B03F1D80F}
		{F533384E-2613-4C13-8D33-FA9B652668A1} = {F533384E-2613-4C13-8D33-FA9B652668A1}
		{4BC56D57-37A6-46E1-94C2-89D041860A7B} = {4BC56D57-37A6-46E1-94C2-89D041860A7B}
		{5F52D264-A5AD-4003-B2F4-B888BD113844} = {5F52D264-A5AD-4003-B2F4-B888BD113844}
		{4F544E66-1C94-4EF0-9EE4-3F8C152717EC} = {4F544E66-1C94-4EF0-9EE4-3F8C152717EC}
		{D6D4516C-0CC6-40B3-9002-B84F81E2C90B} = {D6D4516C-0CC6-40B3-9002-B84F81E2C90B}
		{5CE5F893-3BF2-469E-8658-4BA329746D60} = {5CE5F893-3BF2-469E-8658-4BA329746D60}
		{DDC3D69A-22DE-47C6-B4C7-E6DAF44E434A} = {DDC3D69A-22DE-47C6-B4C7-E6DAF44E434A}
		{D41508A6-3102-4453-BA41-5B408720505E} = {D41508A6-3102-4453-BA41-5B408720505E}
		{98DF83B0-A950-45A4-B201-C5AFFD22E7F5} = {98DF83B0-A950-45A4-B201-C5AFFD22E7F5}
		{7D07CDC1-54F0-4BF2-9D10-78CD0103A2AB} = {7D07CDC1-54F0-4BF2-9D10-78CD0103A2AB}
		{8A8C0BCD-CD48-4546-9A04-3B6989A07EE8} = {8A8C0BCD-CD48-4546-9A04-3B6989A07EE8}
		{785B1AFB-57A4-4EAC-8EA9-7C0CDE4395F8} = {785B1AFB-57A4-4EAC-8EA9-7C0CDE4395F8}
	EndProjectSection
EndProject
Project("{FAE04EC0-301F-11D3-BF4B-00C04F79EFBC}") = "Logshark.ConfigSectionGenerator", "Logshark.ConfigSectionGenerator\Logshark.ConfigSectionGenerator.csproj", "{58A100CE-CC7E-43BF-A054-D28648F092AC}"
EndProject
Project("{FAE04EC0-301F-11D3-BF4B-00C04F79EFBC}") = "Tableau.RestApi", "Tableau.RestApi\Tableau.RestApi.csproj", "{0AEFC6D8-33B4-444B-BD5F-66028B62AF73}"
EndProject
Project("{2150E333-8FDC-42A3-9474-1A3956D46DE8}") = "Plugins", "Plugins", "{C3D15D38-FD6D-426F-8B06-6F62FDFAC956}"
EndProject
Project("{2150E333-8FDC-42A3-9474-1A3956D46DE8}") = "_Documentation", "_Documentation", "{95BDB70A-93DB-41B8-A8B5-2D6EE3A124BC}"
	ProjectSection(SolutionItems) = preProject
		README.md = README.md
	EndProjectSection
EndProject
Project("{2150E333-8FDC-42A3-9474-1A3956D46DE8}") = "_Test Settings", "_Test Settings", "{FDC35336-FD5B-4751-9855-844B6C875277}"
	ProjectSection(SolutionItems) = preProject
		Test.runsettings = Test.runsettings
	EndProjectSection
EndProject
Project("{FAE04EC0-301F-11D3-BF4B-00C04F79EFBC}") = "Logshark.PluginLib", "Logshark.PluginLib\Logshark.PluginLib.csproj", "{C80ED597-1C60-465B-A18D-B249B7C2849F}"
EndProject
Project("{FAE04EC0-301F-11D3-BF4B-00C04F79EFBC}") = "ReplayCreation", "Plugins\ReplayCreation\ReplayCreation.csproj", "{4F544E66-1C94-4EF0-9EE4-3F8C152717EC}"
EndProject
Project("{930C7802-8A8C-48F9-8165-68863BCCD9DD}") = "Logshark.CLI.Installer", "Logshark.CLI.Installer\Logshark.CLI.Installer.wixproj", "{E16C3065-10B8-4B7A-9863-91B9BD42DA09}"
	ProjectSection(ProjectDependencies) = postProject
		{D307BC0B-CF74-4CB3-AD7D-A1C9EF6F60EA} = {D307BC0B-CF74-4CB3-AD7D-A1C9EF6F60EA}
		{51DE3E1E-0708-4DC1-963B-D734D705F296} = {51DE3E1E-0708-4DC1-963B-D734D705F296}
		{771E9320-BC90-4396-AAC3-6ED8EEFC6AE2} = {771E9320-BC90-4396-AAC3-6ED8EEFC6AE2}
		{C5127A26-C2B3-485C-BDD3-D8417D63165E} = {C5127A26-C2B3-485C-BDD3-D8417D63165E}
		{18768748-7F26-4BFC-8DD3-9ACCE192FF2A} = {18768748-7F26-4BFC-8DD3-9ACCE192FF2A}
		{3B78A34D-E145-419C-A7F4-9E7B03F1D80F} = {3B78A34D-E145-419C-A7F4-9E7B03F1D80F}
		{F533384E-2613-4C13-8D33-FA9B652668A1} = {F533384E-2613-4C13-8D33-FA9B652668A1}
		{4BC56D57-37A6-46E1-94C2-89D041860A7B} = {4BC56D57-37A6-46E1-94C2-89D041860A7B}
		{5F52D264-A5AD-4003-B2F4-B888BD113844} = {5F52D264-A5AD-4003-B2F4-B888BD113844}
		{439E0C6D-DA82-46AF-BBDD-587CF3CAA8A4} = {439E0C6D-DA82-46AF-BBDD-587CF3CAA8A4}
		{746B958C-BDF3-4148-BFB6-C0D068FC5637} = {746B958C-BDF3-4148-BFB6-C0D068FC5637}
		{DDC3D69A-22DE-47C6-B4C7-E6DAF44E434A} = {DDC3D69A-22DE-47C6-B4C7-E6DAF44E434A}
		{98DF83B0-A950-45A4-B201-C5AFFD22E7F5} = {98DF83B0-A950-45A4-B201-C5AFFD22E7F5}
		{7D07CDC1-54F0-4BF2-9D10-78CD0103A2AB} = {7D07CDC1-54F0-4BF2-9D10-78CD0103A2AB}
		{8A8C0BCD-CD48-4546-9A04-3B6989A07EE8} = {8A8C0BCD-CD48-4546-9A04-3B6989A07EE8}
		{785B1AFB-57A4-4EAC-8EA9-7C0CDE4395F8} = {785B1AFB-57A4-4EAC-8EA9-7C0CDE4395F8}
	EndProjectSection
EndProject
Project("{930C7802-8A8C-48F9-8165-68863BCCD9DD}") = "Logshark.CLI.Installer.Bundle", "Logshark.CLI.Installer.Bundle\Logshark.CLI.Installer.Bundle.wixproj", "{BD38B9E4-960B-40F7-8CCC-8840DB1A6BA8}"
	ProjectSection(ProjectDependencies) = postProject
		{E16C3065-10B8-4B7A-9863-91B9BD42DA09} = {E16C3065-10B8-4B7A-9863-91B9BD42DA09}
	EndProjectSection
EndProject
Project("{2150E333-8FDC-42A3-9474-1A3956D46DE8}") = "_Nuget", "_Nuget", "{CD873F7A-E414-42FE-8581-1DE96E725284}"
	ProjectSection(SolutionItems) = preProject
		Nuget\Logshark.Core.nuspec = Nuget\Logshark.Core.nuspec
		Nuget\Logshark.MongoBinaries.nuspec = Nuget\Logshark.MongoBinaries.nuspec
		Nuget\Tableau.RestApi.nuspec = Nuget\Tableau.RestApi.nuspec
	EndProjectSection
EndProject
Project("{FAE04EC0-301F-11D3-BF4B-00C04F79EFBC}") = "Netstat", "Plugins\Netstat\Netstat.csproj", "{C5127A26-C2B3-485C-BDD3-D8417D63165E}"
EndProject
Project("{FAE04EC0-301F-11D3-BF4B-00C04F79EFBC}") = "ResourceManager", "Plugins\ResourceManager\ResourceManager.csproj", "{F533384E-2613-4C13-8D33-FA9B652668A1}"
EndProject
Project("{FAE04EC0-301F-11D3-BF4B-00C04F79EFBC}") = "Vizportal", "Plugins\Vizportal\Vizportal.csproj", "{98DF83B0-A950-45A4-B201-C5AFFD22E7F5}"
EndProject
Project("{FAE04EC0-301F-11D3-BF4B-00C04F79EFBC}") = "Apache", "Plugins\Apache\Apache.csproj", "{785B1AFB-57A4-4EAC-8EA9-7C0CDE4395F8}"
EndProject
Project("{FAE04EC0-301F-11D3-BF4B-00C04F79EFBC}") = "Backgrounder", "Plugins\Backgrounder\Backgrounder.csproj", "{DDC3D69A-22DE-47C6-B4C7-E6DAF44E434A}"
EndProject
Project("{FAE04EC0-301F-11D3-BF4B-00C04F79EFBC}") = "ClusterController", "Plugins\ClusterController\ClusterController.csproj", "{3B78A34D-E145-419C-A7F4-9E7B03F1D80F}"
EndProject
Project("{FAE04EC0-301F-11D3-BF4B-00C04F79EFBC}") = "Config", "Plugins\Config\Config.csproj", "{4BC56D57-37A6-46E1-94C2-89D041860A7B}"
EndProject
Project("{FAE04EC0-301F-11D3-BF4B-00C04F79EFBC}") = "Filestore", "Plugins\Filestore\Filestore.csproj", "{D307BC0B-CF74-4CB3-AD7D-A1C9EF6F60EA}"
EndProject
Project("{FAE04EC0-301F-11D3-BF4B-00C04F79EFBC}") = "Postgres", "Plugins\Postgres\Postgres.csproj", "{771E9320-BC90-4396-AAC3-6ED8EEFC6AE2}"
EndProject
Project("{FAE04EC0-301F-11D3-BF4B-00C04F79EFBC}") = "SearchServer", "Plugins\SearchServer\SearchServer.csproj", "{7D07CDC1-54F0-4BF2-9D10-78CD0103A2AB}"
EndProject
Project("{FAE04EC0-301F-11D3-BF4B-00C04F79EFBC}") = "Tabadmin", "Plugins\Tabadmin\Tabadmin.csproj", "{51DE3E1E-0708-4DC1-963B-D734D705F296}"
EndProject
Project("{FAE04EC0-301F-11D3-BF4B-00C04F79EFBC}") = "Vizql", "Plugins\Vizql\Vizql.csproj", "{8A8C0BCD-CD48-4546-9A04-3B6989A07EE8}"
EndProject
Project("{FAE04EC0-301F-11D3-BF4B-00C04F79EFBC}") = "CustomWorkbooks", "Plugins\CustomWorkbooks\CustomWorkbooks.csproj", "{5F52D264-A5AD-4003-B2F4-B888BD113844}"
EndProject
Project("{FAE04EC0-301F-11D3-BF4B-00C04F79EFBC}") = "Logshark.RequestModel", "Logshark.RequestModel\Logshark.RequestModel.csproj", "{C3F0FAFA-1C38-42CF-A1AE-37EF00D0EAD5}"
EndProject
Project("{FAE04EC0-301F-11D3-BF4B-00C04F79EFBC}") = "Logshark.ConnectionModel", "Logshark.ConnectionModel\Logshark.ConnectionModel.csproj", "{33EA5733-998C-4F71-AC5C-AD125268778E}"
EndProject
Project("{FAE04EC0-301F-11D3-BF4B-00C04F79EFBC}") = "Logshark.ConfigSection", "Logshark.ConfigSection\Logshark.ConfigSection.csproj", "{FF0D6D52-BB14-4B6F-AF8F-EA2847B642C9}"
EndProject
Project("{FAE04EC0-301F-11D3-BF4B-00C04F79EFBC}") = "Logshark.Common", "Logshark.Common\Logshark.Common.csproj", "{0F89755A-EA3C-49BF-AE10-C5EE09E99916}"
EndProject
Project("{FAE04EC0-301F-11D3-BF4B-00C04F79EFBC}") = "Logshark.PluginModel", "Logshark.PluginModel\Logshark.PluginModel.csproj", "{03D2B93A-3C04-4377-966C-051E102CD1BD}"
EndProject
Project("{FAE04EC0-301F-11D3-BF4B-00C04F79EFBC}") = "Logshark.Core", "Logshark.Core\Logshark.Core.csproj", "{5CE5F893-3BF2-469E-8658-4BA329746D60}"
	ProjectSection(ProjectDependencies) = postProject
		{B548F23E-5935-4B50-9B67-380365A85002} = {B548F23E-5935-4B50-9B67-380365A85002}
	EndProjectSection
EndProject
Project("{FAE04EC0-301F-11D3-BF4B-00C04F79EFBC}") = "Logshark.ArtifactProcessorModel", "Logshark.ArtifactProcessorModel\Logshark.ArtifactProcessorModel.csproj", "{E3E36B60-8B5E-4EE6-A6A8-03AFEB1250F8}"
EndProject
Project("{FAE04EC0-301F-11D3-BF4B-00C04F79EFBC}") = "LogParsers.Base", "LogParsers.Base\LogParsers.Base.csproj", "{1A35BB10-CC91-4515-A928-448DDE9955C9}"
EndProject
Project("{2150E333-8FDC-42A3-9474-1A3956D46DE8}") = "ArtifactProcessors", "ArtifactProcessors", "{04A5C09D-1864-4C55-B011-42C08649C3E2}"
EndProject
Project("{FAE04EC0-301F-11D3-BF4B-00C04F79EFBC}") = "TableauDesktopLogProcessor", "ArtifactProcessors\TableauDesktopLogProcessor\TableauDesktopLogProcessor.csproj", "{D6D4516C-0CC6-40B3-9002-B84F81E2C90B}"
EndProject
Project("{FAE04EC0-301F-11D3-BF4B-00C04F79EFBC}") = "TableauServerLogProcessor", "ArtifactProcessors\TableauServerLogProcessor\TableauServerLogProcessor.csproj", "{D41508A6-3102-4453-BA41-5B408720505E}"
EndProject
Project("{FAE04EC0-301F-11D3-BF4B-00C04F79EFBC}") = "Hyper", "Plugins\Hyper\Hyper.csproj", "{18768748-7F26-4BFC-8DD3-9ACCE192FF2A}"
EndProject
Project("{FAE04EC0-301F-11D3-BF4B-00C04F79EFBC}") = "Tableau.ExtractApi", "Tableau.ExtractApi\Tableau.ExtractApi.csproj", "{B548F23E-5935-4B50-9B67-380365A85002}"
EndProject
Project("{FAE04EC0-301F-11D3-BF4B-00C04F79EFBC}") = "Logshark.Tests", "Logshark.Tests\Logshark.Tests.csproj", "{B2D32B95-C0B5-4A9B-BA7F-2CD859B14CD1}"
EndProject
Global
	GlobalSection(SolutionConfigurationPlatforms) = preSolution
		Debug|Any CPU = Debug|Any CPU
		Debug|x64 = Debug|x64
		Installer|Any CPU = Installer|Any CPU
		Installer|x64 = Installer|x64
		Release|Any CPU = Release|Any CPU
		Release|x64 = Release|x64
	EndGlobalSection
	GlobalSection(ProjectConfigurationPlatforms) = postSolution
		{523332E9-88D7-4F67-8162-BE69F30055F6}.Debug|Any CPU.ActiveCfg = Debug|Any CPU
		{523332E9-88D7-4F67-8162-BE69F30055F6}.Debug|Any CPU.Build.0 = Debug|Any CPU
		{523332E9-88D7-4F67-8162-BE69F30055F6}.Debug|x64.ActiveCfg = Debug|x64
		{523332E9-88D7-4F67-8162-BE69F30055F6}.Debug|x64.Build.0 = Debug|x64
		{523332E9-88D7-4F67-8162-BE69F30055F6}.Installer|Any CPU.ActiveCfg = Installer|Any CPU
		{523332E9-88D7-4F67-8162-BE69F30055F6}.Installer|Any CPU.Build.0 = Installer|Any CPU
		{523332E9-88D7-4F67-8162-BE69F30055F6}.Installer|x64.ActiveCfg = Installer|x64
		{523332E9-88D7-4F67-8162-BE69F30055F6}.Installer|x64.Build.0 = Installer|x64
		{523332E9-88D7-4F67-8162-BE69F30055F6}.Release|Any CPU.ActiveCfg = Release|Any CPU
		{523332E9-88D7-4F67-8162-BE69F30055F6}.Release|Any CPU.Build.0 = Release|Any CPU
		{523332E9-88D7-4F67-8162-BE69F30055F6}.Release|x64.ActiveCfg = Release|x64
		{523332E9-88D7-4F67-8162-BE69F30055F6}.Release|x64.Build.0 = Release|x64
		{58A100CE-CC7E-43BF-A054-D28648F092AC}.Debug|Any CPU.ActiveCfg = Debug|Any CPU
		{58A100CE-CC7E-43BF-A054-D28648F092AC}.Debug|Any CPU.Build.0 = Debug|Any CPU
		{58A100CE-CC7E-43BF-A054-D28648F092AC}.Debug|x64.ActiveCfg = Debug|x64
		{58A100CE-CC7E-43BF-A054-D28648F092AC}.Installer|Any CPU.ActiveCfg = Installer|Any CPU
		{58A100CE-CC7E-43BF-A054-D28648F092AC}.Installer|Any CPU.Build.0 = Installer|Any CPU
		{58A100CE-CC7E-43BF-A054-D28648F092AC}.Installer|x64.ActiveCfg = Installer|x64
		{58A100CE-CC7E-43BF-A054-D28648F092AC}.Release|Any CPU.ActiveCfg = Release|Any CPU
		{58A100CE-CC7E-43BF-A054-D28648F092AC}.Release|Any CPU.Build.0 = Release|Any CPU
		{58A100CE-CC7E-43BF-A054-D28648F092AC}.Release|x64.ActiveCfg = Release|x64
		{0AEFC6D8-33B4-444B-BD5F-66028B62AF73}.Debug|Any CPU.ActiveCfg = Debug|Any CPU
		{0AEFC6D8-33B4-444B-BD5F-66028B62AF73}.Debug|Any CPU.Build.0 = Debug|Any CPU
		{0AEFC6D8-33B4-444B-BD5F-66028B62AF73}.Debug|x64.ActiveCfg = Debug|x64
		{0AEFC6D8-33B4-444B-BD5F-66028B62AF73}.Debug|x64.Build.0 = Debug|x64
		{0AEFC6D8-33B4-444B-BD5F-66028B62AF73}.Installer|Any CPU.ActiveCfg = Installer|Any CPU
		{0AEFC6D8-33B4-444B-BD5F-66028B62AF73}.Installer|Any CPU.Build.0 = Installer|Any CPU
		{0AEFC6D8-33B4-444B-BD5F-66028B62AF73}.Installer|x64.ActiveCfg = Installer|x64
		{0AEFC6D8-33B4-444B-BD5F-66028B62AF73}.Installer|x64.Build.0 = Installer|x64
		{0AEFC6D8-33B4-444B-BD5F-66028B62AF73}.Release|Any CPU.ActiveCfg = Release|Any CPU
		{0AEFC6D8-33B4-444B-BD5F-66028B62AF73}.Release|Any CPU.Build.0 = Release|Any CPU
		{0AEFC6D8-33B4-444B-BD5F-66028B62AF73}.Release|x64.ActiveCfg = Release|x64
		{0AEFC6D8-33B4-444B-BD5F-66028B62AF73}.Release|x64.Build.0 = Release|x64
		{C80ED597-1C60-465B-A18D-B249B7C2849F}.Debug|Any CPU.ActiveCfg = Debug|x64
		{C80ED597-1C60-465B-A18D-B249B7C2849F}.Debug|x64.ActiveCfg = Debug|x64
		{C80ED597-1C60-465B-A18D-B249B7C2849F}.Debug|x64.Build.0 = Debug|x64
		{C80ED597-1C60-465B-A18D-B249B7C2849F}.Installer|Any CPU.ActiveCfg = Installer|x64
		{C80ED597-1C60-465B-A18D-B249B7C2849F}.Installer|x64.ActiveCfg = Installer|x64
		{C80ED597-1C60-465B-A18D-B249B7C2849F}.Installer|x64.Build.0 = Installer|x64
		{C80ED597-1C60-465B-A18D-B249B7C2849F}.Release|Any CPU.ActiveCfg = Release|x64
		{C80ED597-1C60-465B-A18D-B249B7C2849F}.Release|x64.ActiveCfg = Release|x64
		{C80ED597-1C60-465B-A18D-B249B7C2849F}.Release|x64.Build.0 = Release|x64
		{4F544E66-1C94-4EF0-9EE4-3F8C152717EC}.Debug|Any CPU.ActiveCfg = Debug|x64
		{4F544E66-1C94-4EF0-9EE4-3F8C152717EC}.Debug|x64.ActiveCfg = Debug|x64
		{4F544E66-1C94-4EF0-9EE4-3F8C152717EC}.Debug|x64.Build.0 = Debug|x64
		{4F544E66-1C94-4EF0-9EE4-3F8C152717EC}.Installer|Any CPU.ActiveCfg = Installer|x64
		{4F544E66-1C94-4EF0-9EE4-3F8C152717EC}.Installer|x64.ActiveCfg = Installer|x64
		{4F544E66-1C94-4EF0-9EE4-3F8C152717EC}.Installer|x64.Build.0 = Installer|x64
		{4F544E66-1C94-4EF0-9EE4-3F8C152717EC}.Release|Any CPU.ActiveCfg = Release|x64
		{4F544E66-1C94-4EF0-9EE4-3F8C152717EC}.Release|x64.ActiveCfg = Release|x64
		{4F544E66-1C94-4EF0-9EE4-3F8C152717EC}.Release|x64.Build.0 = Release|x64
		{E16C3065-10B8-4B7A-9863-91B9BD42DA09}.Debug|Any CPU.ActiveCfg = Debug|x64
		{E16C3065-10B8-4B7A-9863-91B9BD42DA09}.Debug|x64.ActiveCfg = Debug|x64
		{E16C3065-10B8-4B7A-9863-91B9BD42DA09}.Installer|Any CPU.ActiveCfg = Installer|x64
		{E16C3065-10B8-4B7A-9863-91B9BD42DA09}.Installer|x64.ActiveCfg = Installer|x64
		{E16C3065-10B8-4B7A-9863-91B9BD42DA09}.Installer|x64.Build.0 = Installer|x64
		{E16C3065-10B8-4B7A-9863-91B9BD42DA09}.Release|Any CPU.ActiveCfg = Release|x64
		{E16C3065-10B8-4B7A-9863-91B9BD42DA09}.Release|x64.ActiveCfg = Release|x64
		{BD38B9E4-960B-40F7-8CCC-8840DB1A6BA8}.Debug|Any CPU.ActiveCfg = Debug|x64
		{BD38B9E4-960B-40F7-8CCC-8840DB1A6BA8}.Debug|x64.ActiveCfg = Debug|x64
		{BD38B9E4-960B-40F7-8CCC-8840DB1A6BA8}.Installer|Any CPU.ActiveCfg = Installer|x64
		{BD38B9E4-960B-40F7-8CCC-8840DB1A6BA8}.Installer|x64.ActiveCfg = Installer|x64
		{BD38B9E4-960B-40F7-8CCC-8840DB1A6BA8}.Installer|x64.Build.0 = Installer|x64
		{BD38B9E4-960B-40F7-8CCC-8840DB1A6BA8}.Release|Any CPU.ActiveCfg = Release|x64
		{BD38B9E4-960B-40F7-8CCC-8840DB1A6BA8}.Release|x64.ActiveCfg = Release|x64
		{C5127A26-C2B3-485C-BDD3-D8417D63165E}.Debug|Any CPU.ActiveCfg = Debug|x64
		{C5127A26-C2B3-485C-BDD3-D8417D63165E}.Debug|x64.ActiveCfg = Debug|x64
		{C5127A26-C2B3-485C-BDD3-D8417D63165E}.Debug|x64.Build.0 = Debug|x64
		{C5127A26-C2B3-485C-BDD3-D8417D63165E}.Installer|Any CPU.ActiveCfg = Installer|x64
		{C5127A26-C2B3-485C-BDD3-D8417D63165E}.Installer|x64.ActiveCfg = Installer|x64
		{C5127A26-C2B3-485C-BDD3-D8417D63165E}.Installer|x64.Build.0 = Installer|x64
		{C5127A26-C2B3-485C-BDD3-D8417D63165E}.Release|Any CPU.ActiveCfg = Release|x64
		{C5127A26-C2B3-485C-BDD3-D8417D63165E}.Release|x64.ActiveCfg = Release|x64
		{C5127A26-C2B3-485C-BDD3-D8417D63165E}.Release|x64.Build.0 = Release|x64
		{F533384E-2613-4C13-8D33-FA9B652668A1}.Debug|Any CPU.ActiveCfg = Debug|x64
		{F533384E-2613-4C13-8D33-FA9B652668A1}.Debug|x64.ActiveCfg = Debug|x64
		{F533384E-2613-4C13-8D33-FA9B652668A1}.Debug|x64.Build.0 = Debug|x64
		{F533384E-2613-4C13-8D33-FA9B652668A1}.Installer|Any CPU.ActiveCfg = Installer|x64
		{F533384E-2613-4C13-8D33-FA9B652668A1}.Installer|x64.ActiveCfg = Installer|x64
		{F533384E-2613-4C13-8D33-FA9B652668A1}.Installer|x64.Build.0 = Installer|x64
		{F533384E-2613-4C13-8D33-FA9B652668A1}.Release|Any CPU.ActiveCfg = Release|x64
		{F533384E-2613-4C13-8D33-FA9B652668A1}.Release|x64.ActiveCfg = Release|x64
		{F533384E-2613-4C13-8D33-FA9B652668A1}.Release|x64.Build.0 = Release|x64
		{98DF83B0-A950-45A4-B201-C5AFFD22E7F5}.Debug|Any CPU.ActiveCfg = Debug|x64
		{98DF83B0-A950-45A4-B201-C5AFFD22E7F5}.Debug|x64.ActiveCfg = Debug|x64
		{98DF83B0-A950-45A4-B201-C5AFFD22E7F5}.Debug|x64.Build.0 = Debug|x64
		{98DF83B0-A950-45A4-B201-C5AFFD22E7F5}.Installer|Any CPU.ActiveCfg = Installer|x64
		{98DF83B0-A950-45A4-B201-C5AFFD22E7F5}.Installer|x64.ActiveCfg = Installer|x64
		{98DF83B0-A950-45A4-B201-C5AFFD22E7F5}.Installer|x64.Build.0 = Installer|x64
		{98DF83B0-A950-45A4-B201-C5AFFD22E7F5}.Release|Any CPU.ActiveCfg = Release|x64
		{98DF83B0-A950-45A4-B201-C5AFFD22E7F5}.Release|x64.ActiveCfg = Release|x64
		{98DF83B0-A950-45A4-B201-C5AFFD22E7F5}.Release|x64.Build.0 = Release|x64
		{785B1AFB-57A4-4EAC-8EA9-7C0CDE4395F8}.Debug|Any CPU.ActiveCfg = Debug|x64
		{785B1AFB-57A4-4EAC-8EA9-7C0CDE4395F8}.Debug|x64.ActiveCfg = Debug|x64
		{785B1AFB-57A4-4EAC-8EA9-7C0CDE4395F8}.Debug|x64.Build.0 = Debug|x64
		{785B1AFB-57A4-4EAC-8EA9-7C0CDE4395F8}.Installer|Any CPU.ActiveCfg = Installer|x64
		{785B1AFB-57A4-4EAC-8EA9-7C0CDE4395F8}.Installer|x64.ActiveCfg = Installer|x64
		{785B1AFB-57A4-4EAC-8EA9-7C0CDE4395F8}.Installer|x64.Build.0 = Installer|x64
		{785B1AFB-57A4-4EAC-8EA9-7C0CDE4395F8}.Release|Any CPU.ActiveCfg = Release|x64
		{785B1AFB-57A4-4EAC-8EA9-7C0CDE4395F8}.Release|x64.ActiveCfg = Release|x64
		{785B1AFB-57A4-4EAC-8EA9-7C0CDE4395F8}.Release|x64.Build.0 = Release|x64
		{DDC3D69A-22DE-47C6-B4C7-E6DAF44E434A}.Debug|Any CPU.ActiveCfg = Debug|x64
		{DDC3D69A-22DE-47C6-B4C7-E6DAF44E434A}.Debug|x64.ActiveCfg = Debug|x64
		{DDC3D69A-22DE-47C6-B4C7-E6DAF44E434A}.Debug|x64.Build.0 = Debug|x64
		{DDC3D69A-22DE-47C6-B4C7-E6DAF44E434A}.Installer|Any CPU.ActiveCfg = Installer|x64
		{DDC3D69A-22DE-47C6-B4C7-E6DAF44E434A}.Installer|x64.ActiveCfg = Installer|x64
		{DDC3D69A-22DE-47C6-B4C7-E6DAF44E434A}.Installer|x64.Build.0 = Installer|x64
		{DDC3D69A-22DE-47C6-B4C7-E6DAF44E434A}.Release|Any CPU.ActiveCfg = Release|x64
		{DDC3D69A-22DE-47C6-B4C7-E6DAF44E434A}.Release|x64.ActiveCfg = Release|x64
		{DDC3D69A-22DE-47C6-B4C7-E6DAF44E434A}.Release|x64.Build.0 = Release|x64
		{3B78A34D-E145-419C-A7F4-9E7B03F1D80F}.Debug|Any CPU.ActiveCfg = Debug|x64
		{3B78A34D-E145-419C-A7F4-9E7B03F1D80F}.Debug|x64.ActiveCfg = Debug|x64
		{3B78A34D-E145-419C-A7F4-9E7B03F1D80F}.Debug|x64.Build.0 = Debug|x64
		{3B78A34D-E145-419C-A7F4-9E7B03F1D80F}.Installer|Any CPU.ActiveCfg = Installer|x64
		{3B78A34D-E145-419C-A7F4-9E7B03F1D80F}.Installer|x64.ActiveCfg = Installer|x64
		{3B78A34D-E145-419C-A7F4-9E7B03F1D80F}.Installer|x64.Build.0 = Installer|x64
		{3B78A34D-E145-419C-A7F4-9E7B03F1D80F}.Release|Any CPU.ActiveCfg = Release|x64
		{3B78A34D-E145-419C-A7F4-9E7B03F1D80F}.Release|x64.ActiveCfg = Release|x64
		{3B78A34D-E145-419C-A7F4-9E7B03F1D80F}.Release|x64.Build.0 = Release|x64
		{4BC56D57-37A6-46E1-94C2-89D041860A7B}.Debug|Any CPU.ActiveCfg = Debug|x64
		{4BC56D57-37A6-46E1-94C2-89D041860A7B}.Debug|x64.ActiveCfg = Debug|x64
		{4BC56D57-37A6-46E1-94C2-89D041860A7B}.Debug|x64.Build.0 = Debug|x64
		{4BC56D57-37A6-46E1-94C2-89D041860A7B}.Installer|Any CPU.ActiveCfg = Installer|x64
		{4BC56D57-37A6-46E1-94C2-89D041860A7B}.Installer|x64.ActiveCfg = Installer|x64
		{4BC56D57-37A6-46E1-94C2-89D041860A7B}.Installer|x64.Build.0 = Installer|x64
		{4BC56D57-37A6-46E1-94C2-89D041860A7B}.Release|Any CPU.ActiveCfg = Release|x64
		{4BC56D57-37A6-46E1-94C2-89D041860A7B}.Release|x64.ActiveCfg = Release|x64
		{4BC56D57-37A6-46E1-94C2-89D041860A7B}.Release|x64.Build.0 = Release|x64
		{D307BC0B-CF74-4CB3-AD7D-A1C9EF6F60EA}.Debug|Any CPU.ActiveCfg = Debug|x64
		{D307BC0B-CF74-4CB3-AD7D-A1C9EF6F60EA}.Debug|x64.ActiveCfg = Debug|x64
		{D307BC0B-CF74-4CB3-AD7D-A1C9EF6F60EA}.Debug|x64.Build.0 = Debug|x64
		{D307BC0B-CF74-4CB3-AD7D-A1C9EF6F60EA}.Installer|Any CPU.ActiveCfg = Installer|x64
		{D307BC0B-CF74-4CB3-AD7D-A1C9EF6F60EA}.Installer|x64.ActiveCfg = Installer|x64
		{D307BC0B-CF74-4CB3-AD7D-A1C9EF6F60EA}.Installer|x64.Build.0 = Installer|x64
		{D307BC0B-CF74-4CB3-AD7D-A1C9EF6F60EA}.Release|Any CPU.ActiveCfg = Release|x64
		{D307BC0B-CF74-4CB3-AD7D-A1C9EF6F60EA}.Release|x64.ActiveCfg = Release|x64
		{D307BC0B-CF74-4CB3-AD7D-A1C9EF6F60EA}.Release|x64.Build.0 = Release|x64
		{771E9320-BC90-4396-AAC3-6ED8EEFC6AE2}.Debug|Any CPU.ActiveCfg = Debug|x64
		{771E9320-BC90-4396-AAC3-6ED8EEFC6AE2}.Debug|x64.ActiveCfg = Debug|x64
		{771E9320-BC90-4396-AAC3-6ED8EEFC6AE2}.Debug|x64.Build.0 = Debug|x64
		{771E9320-BC90-4396-AAC3-6ED8EEFC6AE2}.Installer|Any CPU.ActiveCfg = Installer|x64
		{771E9320-BC90-4396-AAC3-6ED8EEFC6AE2}.Installer|x64.ActiveCfg = Installer|x64
		{771E9320-BC90-4396-AAC3-6ED8EEFC6AE2}.Installer|x64.Build.0 = Installer|x64
		{771E9320-BC90-4396-AAC3-6ED8EEFC6AE2}.Release|Any CPU.ActiveCfg = Release|x64
		{771E9320-BC90-4396-AAC3-6ED8EEFC6AE2}.Release|x64.ActiveCfg = Release|x64
		{771E9320-BC90-4396-AAC3-6ED8EEFC6AE2}.Release|x64.Build.0 = Release|x64
		{7D07CDC1-54F0-4BF2-9D10-78CD0103A2AB}.Debug|Any CPU.ActiveCfg = Debug|x64
		{7D07CDC1-54F0-4BF2-9D10-78CD0103A2AB}.Debug|x64.ActiveCfg = Debug|x64
		{7D07CDC1-54F0-4BF2-9D10-78CD0103A2AB}.Debug|x64.Build.0 = Debug|x64
		{7D07CDC1-54F0-4BF2-9D10-78CD0103A2AB}.Installer|Any CPU.ActiveCfg = Installer|x64
		{7D07CDC1-54F0-4BF2-9D10-78CD0103A2AB}.Installer|x64.ActiveCfg = Installer|x64
		{7D07CDC1-54F0-4BF2-9D10-78CD0103A2AB}.Installer|x64.Build.0 = Installer|x64
		{7D07CDC1-54F0-4BF2-9D10-78CD0103A2AB}.Release|Any CPU.ActiveCfg = Release|x64
		{7D07CDC1-54F0-4BF2-9D10-78CD0103A2AB}.Release|x64.ActiveCfg = Release|x64
		{7D07CDC1-54F0-4BF2-9D10-78CD0103A2AB}.Release|x64.Build.0 = Release|x64
		{51DE3E1E-0708-4DC1-963B-D734D705F296}.Debug|Any CPU.ActiveCfg = Debug|x64
		{51DE3E1E-0708-4DC1-963B-D734D705F296}.Debug|x64.ActiveCfg = Debug|x64
		{51DE3E1E-0708-4DC1-963B-D734D705F296}.Debug|x64.Build.0 = Debug|x64
		{51DE3E1E-0708-4DC1-963B-D734D705F296}.Installer|Any CPU.ActiveCfg = Installer|x64
		{51DE3E1E-0708-4DC1-963B-D734D705F296}.Installer|x64.ActiveCfg = Installer|x64
		{51DE3E1E-0708-4DC1-963B-D734D705F296}.Installer|x64.Build.0 = Installer|x64
		{51DE3E1E-0708-4DC1-963B-D734D705F296}.Release|Any CPU.ActiveCfg = Release|x64
		{51DE3E1E-0708-4DC1-963B-D734D705F296}.Release|x64.ActiveCfg = Release|x64
		{51DE3E1E-0708-4DC1-963B-D734D705F296}.Release|x64.Build.0 = Release|x64
		{8A8C0BCD-CD48-4546-9A04-3B6989A07EE8}.Debug|Any CPU.ActiveCfg = Debug|x64
		{8A8C0BCD-CD48-4546-9A04-3B6989A07EE8}.Debug|x64.ActiveCfg = Debug|x64
		{8A8C0BCD-CD48-4546-9A04-3B6989A07EE8}.Debug|x64.Build.0 = Debug|x64
		{8A8C0BCD-CD48-4546-9A04-3B6989A07EE8}.Installer|Any CPU.ActiveCfg = Installer|x64
		{8A8C0BCD-CD48-4546-9A04-3B6989A07EE8}.Installer|x64.ActiveCfg = Installer|x64
		{8A8C0BCD-CD48-4546-9A04-3B6989A07EE8}.Installer|x64.Build.0 = Installer|x64
		{8A8C0BCD-CD48-4546-9A04-3B6989A07EE8}.Release|Any CPU.ActiveCfg = Release|x64
		{8A8C0BCD-CD48-4546-9A04-3B6989A07EE8}.Release|x64.ActiveCfg = Release|x64
		{8A8C0BCD-CD48-4546-9A04-3B6989A07EE8}.Release|x64.Build.0 = Release|x64
		{5F52D264-A5AD-4003-B2F4-B888BD113844}.Debug|Any CPU.ActiveCfg = Debug|x64
		{5F52D264-A5AD-4003-B2F4-B888BD113844}.Debug|x64.ActiveCfg = Debug|x64
		{5F52D264-A5AD-4003-B2F4-B888BD113844}.Debug|x64.Build.0 = Debug|x64
		{5F52D264-A5AD-4003-B2F4-B888BD113844}.Installer|Any CPU.ActiveCfg = Installer|x64
		{5F52D264-A5AD-4003-B2F4-B888BD113844}.Installer|x64.ActiveCfg = Installer|x64
		{5F52D264-A5AD-4003-B2F4-B888BD113844}.Installer|x64.Build.0 = Installer|x64
		{5F52D264-A5AD-4003-B2F4-B888BD113844}.Release|Any CPU.ActiveCfg = Release|x64
		{5F52D264-A5AD-4003-B2F4-B888BD113844}.Release|x64.ActiveCfg = Release|x64
		{5F52D264-A5AD-4003-B2F4-B888BD113844}.Release|x64.Build.0 = Release|x64
		{C3F0FAFA-1C38-42CF-A1AE-37EF00D0EAD5}.Debug|Any CPU.ActiveCfg = Debug|Any CPU
		{C3F0FAFA-1C38-42CF-A1AE-37EF00D0EAD5}.Debug|Any CPU.Build.0 = Debug|Any CPU
		{C3F0FAFA-1C38-42CF-A1AE-37EF00D0EAD5}.Debug|x64.ActiveCfg = Debug|x64
		{C3F0FAFA-1C38-42CF-A1AE-37EF00D0EAD5}.Debug|x64.Build.0 = Debug|x64
		{C3F0FAFA-1C38-42CF-A1AE-37EF00D0EAD5}.Installer|Any CPU.ActiveCfg = Installer|Any CPU
		{C3F0FAFA-1C38-42CF-A1AE-37EF00D0EAD5}.Installer|Any CPU.Build.0 = Installer|Any CPU
		{C3F0FAFA-1C38-42CF-A1AE-37EF00D0EAD5}.Installer|x64.ActiveCfg = Installer|x64
		{C3F0FAFA-1C38-42CF-A1AE-37EF00D0EAD5}.Installer|x64.Build.0 = Installer|x64
		{C3F0FAFA-1C38-42CF-A1AE-37EF00D0EAD5}.Release|Any CPU.ActiveCfg = Release|Any CPU
		{C3F0FAFA-1C38-42CF-A1AE-37EF00D0EAD5}.Release|Any CPU.Build.0 = Release|Any CPU
		{C3F0FAFA-1C38-42CF-A1AE-37EF00D0EAD5}.Release|x64.ActiveCfg = Release|x64
		{C3F0FAFA-1C38-42CF-A1AE-37EF00D0EAD5}.Release|x64.Build.0 = Release|x64
		{33EA5733-998C-4F71-AC5C-AD125268778E}.Debug|Any CPU.ActiveCfg = Debug|Any CPU
		{33EA5733-998C-4F71-AC5C-AD125268778E}.Debug|Any CPU.Build.0 = Debug|Any CPU
		{33EA5733-998C-4F71-AC5C-AD125268778E}.Debug|x64.ActiveCfg = Debug|x64
		{33EA5733-998C-4F71-AC5C-AD125268778E}.Debug|x64.Build.0 = Debug|x64
		{33EA5733-998C-4F71-AC5C-AD125268778E}.Installer|Any CPU.ActiveCfg = Installer|Any CPU
		{33EA5733-998C-4F71-AC5C-AD125268778E}.Installer|Any CPU.Build.0 = Installer|Any CPU
		{33EA5733-998C-4F71-AC5C-AD125268778E}.Installer|x64.ActiveCfg = Installer|x64
		{33EA5733-998C-4F71-AC5C-AD125268778E}.Installer|x64.Build.0 = Installer|x64
		{33EA5733-998C-4F71-AC5C-AD125268778E}.Release|Any CPU.ActiveCfg = Release|Any CPU
		{33EA5733-998C-4F71-AC5C-AD125268778E}.Release|Any CPU.Build.0 = Release|Any CPU
		{33EA5733-998C-4F71-AC5C-AD125268778E}.Release|x64.ActiveCfg = Release|x64
		{33EA5733-998C-4F71-AC5C-AD125268778E}.Release|x64.Build.0 = Release|x64
		{FF0D6D52-BB14-4B6F-AF8F-EA2847B642C9}.Debug|Any CPU.ActiveCfg = Debug|Any CPU
		{FF0D6D52-BB14-4B6F-AF8F-EA2847B642C9}.Debug|Any CPU.Build.0 = Debug|Any CPU
		{FF0D6D52-BB14-4B6F-AF8F-EA2847B642C9}.Debug|x64.ActiveCfg = Debug|x64
		{FF0D6D52-BB14-4B6F-AF8F-EA2847B642C9}.Debug|x64.Build.0 = Debug|x64
		{FF0D6D52-BB14-4B6F-AF8F-EA2847B642C9}.Installer|Any CPU.ActiveCfg = Installer|Any CPU
		{FF0D6D52-BB14-4B6F-AF8F-EA2847B642C9}.Installer|Any CPU.Build.0 = Installer|Any CPU
		{FF0D6D52-BB14-4B6F-AF8F-EA2847B642C9}.Installer|x64.ActiveCfg = Installer|x64
		{FF0D6D52-BB14-4B6F-AF8F-EA2847B642C9}.Installer|x64.Build.0 = Installer|x64
		{FF0D6D52-BB14-4B6F-AF8F-EA2847B642C9}.Release|Any CPU.ActiveCfg = Release|Any CPU
		{FF0D6D52-BB14-4B6F-AF8F-EA2847B642C9}.Release|Any CPU.Build.0 = Release|Any CPU
		{FF0D6D52-BB14-4B6F-AF8F-EA2847B642C9}.Release|x64.ActiveCfg = Release|x64
		{FF0D6D52-BB14-4B6F-AF8F-EA2847B642C9}.Release|x64.Build.0 = Release|x64
		{0F89755A-EA3C-49BF-AE10-C5EE09E99916}.Debug|Any CPU.ActiveCfg = Debug|Any CPU
		{0F89755A-EA3C-49BF-AE10-C5EE09E99916}.Debug|Any CPU.Build.0 = Debug|Any CPU
		{0F89755A-EA3C-49BF-AE10-C5EE09E99916}.Debug|x64.ActiveCfg = Debug|x64
		{0F89755A-EA3C-49BF-AE10-C5EE09E99916}.Debug|x64.Build.0 = Debug|x64
		{0F89755A-EA3C-49BF-AE10-C5EE09E99916}.Installer|Any CPU.ActiveCfg = Installer|Any CPU
		{0F89755A-EA3C-49BF-AE10-C5EE09E99916}.Installer|Any CPU.Build.0 = Installer|Any CPU
		{0F89755A-EA3C-49BF-AE10-C5EE09E99916}.Installer|x64.ActiveCfg = Installer|x64
		{0F89755A-EA3C-49BF-AE10-C5EE09E99916}.Installer|x64.Build.0 = Installer|x64
		{0F89755A-EA3C-49BF-AE10-C5EE09E99916}.Release|Any CPU.ActiveCfg = Release|Any CPU
		{0F89755A-EA3C-49BF-AE10-C5EE09E99916}.Release|Any CPU.Build.0 = Release|Any CPU
		{0F89755A-EA3C-49BF-AE10-C5EE09E99916}.Release|x64.ActiveCfg = Release|x64
		{0F89755A-EA3C-49BF-AE10-C5EE09E99916}.Release|x64.Build.0 = Release|x64
		{03D2B93A-3C04-4377-966C-051E102CD1BD}.Debug|Any CPU.ActiveCfg = Debug|Any CPU
		{03D2B93A-3C04-4377-966C-051E102CD1BD}.Debug|Any CPU.Build.0 = Debug|Any CPU
		{03D2B93A-3C04-4377-966C-051E102CD1BD}.Debug|x64.ActiveCfg = Debug|x64
		{03D2B93A-3C04-4377-966C-051E102CD1BD}.Debug|x64.Build.0 = Debug|x64
		{03D2B93A-3C04-4377-966C-051E102CD1BD}.Installer|Any CPU.ActiveCfg = Installer|Any CPU
		{03D2B93A-3C04-4377-966C-051E102CD1BD}.Installer|Any CPU.Build.0 = Installer|Any CPU
		{03D2B93A-3C04-4377-966C-051E102CD1BD}.Installer|x64.ActiveCfg = Installer|x64
		{03D2B93A-3C04-4377-966C-051E102CD1BD}.Installer|x64.Build.0 = Installer|x64
		{03D2B93A-3C04-4377-966C-051E102CD1BD}.Release|Any CPU.ActiveCfg = Release|Any CPU
		{03D2B93A-3C04-4377-966C-051E102CD1BD}.Release|Any CPU.Build.0 = Release|Any CPU
		{03D2B93A-3C04-4377-966C-051E102CD1BD}.Release|x64.ActiveCfg = Release|x64
		{03D2B93A-3C04-4377-966C-051E102CD1BD}.Release|x64.Build.0 = Release|x64
		{5CE5F893-3BF2-469E-8658-4BA329746D60}.Debug|Any CPU.ActiveCfg = Debug|Any CPU
		{5CE5F893-3BF2-469E-8658-4BA329746D60}.Debug|Any CPU.Build.0 = Debug|Any CPU
		{5CE5F893-3BF2-469E-8658-4BA329746D60}.Debug|x64.ActiveCfg = Debug|x64
		{5CE5F893-3BF2-469E-8658-4BA329746D60}.Debug|x64.Build.0 = Debug|x64
		{5CE5F893-3BF2-469E-8658-4BA329746D60}.Installer|Any CPU.ActiveCfg = Installer|Any CPU
		{5CE5F893-3BF2-469E-8658-4BA329746D60}.Installer|Any CPU.Build.0 = Installer|Any CPU
		{5CE5F893-3BF2-469E-8658-4BA329746D60}.Installer|x64.ActiveCfg = Installer|x64
		{5CE5F893-3BF2-469E-8658-4BA329746D60}.Installer|x64.Build.0 = Installer|x64
		{5CE5F893-3BF2-469E-8658-4BA329746D60}.Release|Any CPU.ActiveCfg = Release|Any CPU
		{5CE5F893-3BF2-469E-8658-4BA329746D60}.Release|Any CPU.Build.0 = Release|Any CPU
		{5CE5F893-3BF2-469E-8658-4BA329746D60}.Release|x64.ActiveCfg = Release|x64
		{5CE5F893-3BF2-469E-8658-4BA329746D60}.Release|x64.Build.0 = Release|x64
		{E3E36B60-8B5E-4EE6-A6A8-03AFEB1250F8}.Debug|Any CPU.ActiveCfg = Debug|Any CPU
		{E3E36B60-8B5E-4EE6-A6A8-03AFEB1250F8}.Debug|Any CPU.Build.0 = Debug|Any CPU
		{E3E36B60-8B5E-4EE6-A6A8-03AFEB1250F8}.Debug|x64.ActiveCfg = Debug|x64
		{E3E36B60-8B5E-4EE6-A6A8-03AFEB1250F8}.Debug|x64.Build.0 = Debug|x64
		{E3E36B60-8B5E-4EE6-A6A8-03AFEB1250F8}.Installer|Any CPU.ActiveCfg = Installer|Any CPU
		{E3E36B60-8B5E-4EE6-A6A8-03AFEB1250F8}.Installer|Any CPU.Build.0 = Installer|Any CPU
		{E3E36B60-8B5E-4EE6-A6A8-03AFEB1250F8}.Installer|x64.ActiveCfg = Installer|x64
		{E3E36B60-8B5E-4EE6-A6A8-03AFEB1250F8}.Installer|x64.Build.0 = Installer|x64
		{E3E36B60-8B5E-4EE6-A6A8-03AFEB1250F8}.Release|Any CPU.ActiveCfg = Release|Any CPU
		{E3E36B60-8B5E-4EE6-A6A8-03AFEB1250F8}.Release|Any CPU.Build.0 = Release|Any CPU
		{E3E36B60-8B5E-4EE6-A6A8-03AFEB1250F8}.Release|x64.ActiveCfg = Release|x64
		{E3E36B60-8B5E-4EE6-A6A8-03AFEB1250F8}.Release|x64.Build.0 = Release|x64
		{1A35BB10-CC91-4515-A928-448DDE9955C9}.Debug|Any CPU.ActiveCfg = Debug|Any CPU
		{1A35BB10-CC91-4515-A928-448DDE9955C9}.Debug|Any CPU.Build.0 = Debug|Any CPU
		{1A35BB10-CC91-4515-A928-448DDE9955C9}.Debug|x64.ActiveCfg = Debug|x64
		{1A35BB10-CC91-4515-A928-448DDE9955C9}.Debug|x64.Build.0 = Debug|x64
		{1A35BB10-CC91-4515-A928-448DDE9955C9}.Installer|Any CPU.ActiveCfg = Installer|Any CPU
		{1A35BB10-CC91-4515-A928-448DDE9955C9}.Installer|Any CPU.Build.0 = Installer|Any CPU
		{1A35BB10-CC91-4515-A928-448DDE9955C9}.Installer|x64.ActiveCfg = Installer|x64
		{1A35BB10-CC91-4515-A928-448DDE9955C9}.Installer|x64.Build.0 = Installer|x64
		{1A35BB10-CC91-4515-A928-448DDE9955C9}.Release|Any CPU.ActiveCfg = Release|Any CPU
		{1A35BB10-CC91-4515-A928-448DDE9955C9}.Release|Any CPU.Build.0 = Release|Any CPU
		{1A35BB10-CC91-4515-A928-448DDE9955C9}.Release|x64.ActiveCfg = Release|x64
		{1A35BB10-CC91-4515-A928-448DDE9955C9}.Release|x64.Build.0 = Release|x64
		{D6D4516C-0CC6-40B3-9002-B84F81E2C90B}.Debug|Any CPU.ActiveCfg = Debug|Any CPU
		{D6D4516C-0CC6-40B3-9002-B84F81E2C90B}.Debug|Any CPU.Build.0 = Debug|Any CPU
		{D6D4516C-0CC6-40B3-9002-B84F81E2C90B}.Debug|x64.ActiveCfg = Debug|x64
		{D6D4516C-0CC6-40B3-9002-B84F81E2C90B}.Debug|x64.Build.0 = Debug|x64
		{D6D4516C-0CC6-40B3-9002-B84F81E2C90B}.Installer|Any CPU.ActiveCfg = Installer|Any CPU
		{D6D4516C-0CC6-40B3-9002-B84F81E2C90B}.Installer|Any CPU.Build.0 = Installer|Any CPU
		{D6D4516C-0CC6-40B3-9002-B84F81E2C90B}.Installer|x64.ActiveCfg = Installer|x64
		{D6D4516C-0CC6-40B3-9002-B84F81E2C90B}.Installer|x64.Build.0 = Installer|x64
		{D6D4516C-0CC6-40B3-9002-B84F81E2C90B}.Release|Any CPU.ActiveCfg = Release|Any CPU
		{D6D4516C-0CC6-40B3-9002-B84F81E2C90B}.Release|Any CPU.Build.0 = Release|Any CPU
		{D6D4516C-0CC6-40B3-9002-B84F81E2C90B}.Release|x64.ActiveCfg = Release|x64
		{D6D4516C-0CC6-40B3-9002-B84F81E2C90B}.Release|x64.Build.0 = Release|x64
		{D41508A6-3102-4453-BA41-5B408720505E}.Debug|Any CPU.ActiveCfg = Debug|x64
		{D41508A6-3102-4453-BA41-5B408720505E}.Debug|x64.ActiveCfg = Debug|x64
		{D41508A6-3102-4453-BA41-5B408720505E}.Debug|x64.Build.0 = Debug|x64
		{D41508A6-3102-4453-BA41-5B408720505E}.Installer|Any CPU.ActiveCfg = Installer|x64
		{D41508A6-3102-4453-BA41-5B408720505E}.Installer|x64.ActiveCfg = Installer|x64
		{D41508A6-3102-4453-BA41-5B408720505E}.Installer|x64.Build.0 = Installer|x64
		{D41508A6-3102-4453-BA41-5B408720505E}.Release|Any CPU.ActiveCfg = Release|x64
		{D41508A6-3102-4453-BA41-5B408720505E}.Release|x64.ActiveCfg = Release|x64
		{D41508A6-3102-4453-BA41-5B408720505E}.Release|x64.Build.0 = Release|x64
		{18768748-7F26-4BFC-8DD3-9ACCE192FF2A}.Debug|Any CPU.ActiveCfg = Debug|x64
		{18768748-7F26-4BFC-8DD3-9ACCE192FF2A}.Debug|x64.ActiveCfg = Debug|x64
		{18768748-7F26-4BFC-8DD3-9ACCE192FF2A}.Debug|x64.Build.0 = Debug|x64
		{18768748-7F26-4BFC-8DD3-9ACCE192FF2A}.Installer|Any CPU.ActiveCfg = Installer|x64
		{18768748-7F26-4BFC-8DD3-9ACCE192FF2A}.Installer|x64.ActiveCfg = Installer|x64
		{18768748-7F26-4BFC-8DD3-9ACCE192FF2A}.Installer|x64.Build.0 = Installer|x64
		{18768748-7F26-4BFC-8DD3-9ACCE192FF2A}.Release|Any CPU.ActiveCfg = Release|x64
		{18768748-7F26-4BFC-8DD3-9ACCE192FF2A}.Release|x64.ActiveCfg = Release|x64
		{18768748-7F26-4BFC-8DD3-9ACCE192FF2A}.Release|x64.Build.0 = Release|x64
		{B548F23E-5935-4B50-9B67-380365A85002}.Debug|Any CPU.ActiveCfg = Debug|x64
		{B548F23E-5935-4B50-9B67-380365A85002}.Debug|x64.ActiveCfg = Debug|x64
		{B548F23E-5935-4B50-9B67-380365A85002}.Debug|x64.Build.0 = Debug|x64
		{B548F23E-5935-4B50-9B67-380365A85002}.Installer|Any CPU.ActiveCfg = Installer|x64
		{B548F23E-5935-4B50-9B67-380365A85002}.Installer|x64.ActiveCfg = Installer|x64
		{B548F23E-5935-4B50-9B67-380365A85002}.Installer|x64.Build.0 = Installer|x64
		{B548F23E-5935-4B50-9B67-380365A85002}.Release|Any CPU.ActiveCfg = Release|x64
		{B548F23E-5935-4B50-9B67-380365A85002}.Release|x64.ActiveCfg = Release|x64
		{B548F23E-5935-4B50-9B67-380365A85002}.Release|x64.Build.0 = Release|x64
		{B2D32B95-C0B5-4A9B-BA7F-2CD859B14CD1}.Debug|Any CPU.ActiveCfg = Debug|Any CPU
		{B2D32B95-C0B5-4A9B-BA7F-2CD859B14CD1}.Debug|Any CPU.Build.0 = Debug|Any CPU
		{B2D32B95-C0B5-4A9B-BA7F-2CD859B14CD1}.Debug|x64.ActiveCfg = Debug|x64
		{B2D32B95-C0B5-4A9B-BA7F-2CD859B14CD1}.Debug|x64.Build.0 = Debug|x64
		{B2D32B95-C0B5-4A9B-BA7F-2CD859B14CD1}.Installer|Any CPU.ActiveCfg = Installer|Any CPU
		{B2D32B95-C0B5-4A9B-BA7F-2CD859B14CD1}.Installer|Any CPU.Build.0 = Installer|Any CPU
		{B2D32B95-C0B5-4A9B-BA7F-2CD859B14CD1}.Installer|x64.ActiveCfg = Installer|x64
		{B2D32B95-C0B5-4A9B-BA7F-2CD859B14CD1}.Installer|x64.Build.0 = Installer|x64
		{B2D32B95-C0B5-4A9B-BA7F-2CD859B14CD1}.Release|Any CPU.ActiveCfg = Release|Any CPU
		{B2D32B95-C0B5-4A9B-BA7F-2CD859B14CD1}.Release|Any CPU.Build.0 = Release|Any CPU
		{B2D32B95-C0B5-4A9B-BA7F-2CD859B14CD1}.Release|x64.ActiveCfg = Release|x64
		{B2D32B95-C0B5-4A9B-BA7F-2CD859B14CD1}.Release|x64.Build.0 = Release|x64
	EndGlobalSection
	GlobalSection(SolutionProperties) = preSolution
		HideSolutionNode = FALSE
	EndGlobalSection
	GlobalSection(NestedProjects) = preSolution
		{4F544E66-1C94-4EF0-9EE4-3F8C152717EC} = {C3D15D38-FD6D-426F-8B06-6F62FDFAC956}
		{C5127A26-C2B3-485C-BDD3-D8417D63165E} = {C3D15D38-FD6D-426F-8B06-6F62FDFAC956}
		{F533384E-2613-4C13-8D33-FA9B652668A1} = {C3D15D38-FD6D-426F-8B06-6F62FDFAC956}
		{98DF83B0-A950-45A4-B201-C5AFFD22E7F5} = {C3D15D38-FD6D-426F-8B06-6F62FDFAC956}
		{785B1AFB-57A4-4EAC-8EA9-7C0CDE4395F8} = {C3D15D38-FD6D-426F-8B06-6F62FDFAC956}
		{DDC3D69A-22DE-47C6-B4C7-E6DAF44E434A} = {C3D15D38-FD6D-426F-8B06-6F62FDFAC956}
		{3B78A34D-E145-419C-A7F4-9E7B03F1D80F} = {C3D15D38-FD6D-426F-8B06-6F62FDFAC956}
		{4BC56D57-37A6-46E1-94C2-89D041860A7B} = {C3D15D38-FD6D-426F-8B06-6F62FDFAC956}
		{D307BC0B-CF74-4CB3-AD7D-A1C9EF6F60EA} = {C3D15D38-FD6D-426F-8B06-6F62FDFAC956}
		{771E9320-BC90-4396-AAC3-6ED8EEFC6AE2} = {C3D15D38-FD6D-426F-8B06-6F62FDFAC956}
		{7D07CDC1-54F0-4BF2-9D10-78CD0103A2AB} = {C3D15D38-FD6D-426F-8B06-6F62FDFAC956}
		{51DE3E1E-0708-4DC1-963B-D734D705F296} = {C3D15D38-FD6D-426F-8B06-6F62FDFAC956}
		{8A8C0BCD-CD48-4546-9A04-3B6989A07EE8} = {C3D15D38-FD6D-426F-8B06-6F62FDFAC956}
		{5F52D264-A5AD-4003-B2F4-B888BD113844} = {C3D15D38-FD6D-426F-8B06-6F62FDFAC956}
		{D6D4516C-0CC6-40B3-9002-B84F81E2C90B} = {04A5C09D-1864-4C55-B011-42C08649C3E2}
		{D41508A6-3102-4453-BA41-5B408720505E} = {04A5C09D-1864-4C55-B011-42C08649C3E2}
		{18768748-7F26-4BFC-8DD3-9ACCE192FF2A} = {C3D15D38-FD6D-426F-8B06-6F62FDFAC956}
	EndGlobalSection
	GlobalSection(ExtensibilityGlobals) = postSolution
		SolutionGuid = {E3419901-FFC5-489B-BA2F-2925132822AC}
	EndGlobalSection
EndGlobal
