
Microsoft Visual Studio Solution File, Format Version 12.00
# Visual Studio 14
VisualStudioVersion = 14.0.25420.1
MinimumVisualStudioVersion = 10.0.40219.1
Project("{FAE04EC0-301F-11D3-BF4B-00C04F79EFBC}") = "Workbook Creation Plugin Project", "Workbook Creation Project\Workbook Creation Plugin Project.csproj", "{7D969E08-A3B5-4F8B-A722-0BC57CDC338B}"
EndProject
Project("{FAE04EC0-301F-11D3-BF4B-00C04F79EFBC}") = "Artifact Processor Project", "Artifact Processor Project\Artifact Processor Project.csproj", "{BB6DA068-E6AF-4649-B3E3-D281BD3D49EA}"
EndProject
Global
	GlobalSection(SolutionConfigurationPlatforms) = preSolution
		Debug|Any CPU = Debug|Any CPU
		Release|Any CPU = Release|Any CPU
		Description = Logshark Project Templates
	EndGlobalSection
	GlobalSection(ProjectConfigurationPlatforms) = postSolution
		{7D969E08-A3B5-4F8B-A722-0BC57CDC338B}.Debug|Any CPU.ActiveCfg = Debug|Any CPU
		{7D969E08-A3B5-4F8B-A722-0BC57CDC338B}.Debug|Any CPU.Build.0 = Debug|Any CPU
		{7D969E08-A3B5-4F8B-A722-0BC57CDC338B}.Release|Any CPU.ActiveCfg = Release|Any CPU
		{7D969E08-A3B5-4F8B-A722-0BC57CDC338B}.Release|Any CPU.Build.0 = Release|Any CPU
		{BB6DA068-E6AF-4649-B3E3-D281BD3D49EA}.Debug|Any CPU.ActiveCfg = Debug|Any CPU
		{BB6DA068-E6AF-4649-B3E3-D281BD3D49EA}.Debug|Any CPU.Build.0 = Debug|Any CPU
		{BB6DA068-E6AF-4649-B3E3-D281BD3D49EA}.Release|Any CPU.ActiveCfg = Release|Any CPU
		{BB6DA068-E6AF-4649-B3E3-D281BD3D49EA}.Release|Any CPU.Build.0 = Release|Any CPU
	EndGlobalSection
	GlobalSection(SolutionProperties) = preSolution
		HideSolutionNode = FALSE
	EndGlobalSection
EndGlobal
